// !$*UTF8*$!
{
	archiveVersion = 1;
	classes = {
	};
	objectVersion = 50;
	objects = {

/* Begin PBXBuildFile section */
		296531EF2286D90C00A11052 /* AppDelegate.swift in Sources */ = {isa = PBXBuildFile; fileRef = 296531EE2286D90C00A11052 /* AppDelegate.swift */; };
		296531F12286D90C00A11052 /* ViewController.swift in Sources */ = {isa = PBXBuildFile; fileRef = 296531F02286D90C00A11052 /* ViewController.swift */; };
		296531F42286D90C00A11052 /* Main.storyboard in Resources */ = {isa = PBXBuildFile; fileRef = 296531F22286D90C00A11052 /* Main.storyboard */; };
		296531F62286D90F00A11052 /* Assets.xcassets in Resources */ = {isa = PBXBuildFile; fileRef = 296531F52286D90F00A11052 /* Assets.xcassets */; };
		296531F92286D90F00A11052 /* LaunchScreen.storyboard in Resources */ = {isa = PBXBuildFile; fileRef = 296531F72286D90F00A11052 /* LaunchScreen.storyboard */; };
		296532012287099500A11052 /* ScannerViewController.swift in Sources */ = {isa = PBXBuildFile; fileRef = 296532002287099500A11052 /* ScannerViewController.swift */; };
		2965320322871D8000A11052 /* AppCoordinator.swift in Sources */ = {isa = PBXBuildFile; fileRef = 2965320222871D8000A11052 /* AppCoordinator.swift */; };
		2965320522871D9F00A11052 /* Coordinator.swift in Sources */ = {isa = PBXBuildFile; fileRef = 2965320422871D9F00A11052 /* Coordinator.swift */; };
		2965320922871F1500A11052 /* R.generated.swift in Sources */ = {isa = PBXBuildFile; fileRef = 2965320822871F1500A11052 /* R.generated.swift */; };
		2965320C228725B200A11052 /* Pass.swift in Sources */ = {isa = PBXBuildFile; fileRef = 2965320B228725B200A11052 /* Pass.swift */; };
		296532112287356A00A11052 /* PassKit.framework in Frameworks */ = {isa = PBXBuildFile; fileRef = 296532102287356A00A11052 /* PassKit.framework */; };
		821FA86EC7D7039C2BBAF2BC /* Pods_DLRG_sh.framework in Frameworks */ = {isa = PBXBuildFile; fileRef = F84A8BE4F9C27026A25FC211 /* Pods_DLRG_sh.framework */; };
/* End PBXBuildFile section */

/* Begin PBXFileReference section */
		160488376F4E59FC20A34171 /* Pods-DLRG.sh.debug.xcconfig */ = {isa = PBXFileReference; includeInIndex = 1; lastKnownFileType = text.xcconfig; name = "Pods-DLRG.sh.debug.xcconfig"; path = "Target Support Files/Pods-DLRG.sh/Pods-DLRG.sh.debug.xcconfig"; sourceTree = "<group>"; };
		296531EB2286D90C00A11052 /* DLRG.sh.app */ = {isa = PBXFileReference; explicitFileType = wrapper.application; includeInIndex = 0; path = DLRG.sh.app; sourceTree = BUILT_PRODUCTS_DIR; };
		296531EE2286D90C00A11052 /* AppDelegate.swift */ = {isa = PBXFileReference; lastKnownFileType = sourcecode.swift; path = AppDelegate.swift; sourceTree = "<group>"; };
		296531F02286D90C00A11052 /* ViewController.swift */ = {isa = PBXFileReference; lastKnownFileType = sourcecode.swift; path = ViewController.swift; sourceTree = "<group>"; };
		296531F32286D90C00A11052 /* Base */ = {isa = PBXFileReference; lastKnownFileType = file.storyboard; name = Base; path = Base.lproj/Main.storyboard; sourceTree = "<group>"; };
		296531F52286D90F00A11052 /* Assets.xcassets */ = {isa = PBXFileReference; lastKnownFileType = folder.assetcatalog; path = Assets.xcassets; sourceTree = "<group>"; };
		296531F82286D90F00A11052 /* Base */ = {isa = PBXFileReference; lastKnownFileType = file.storyboard; name = Base; path = Base.lproj/LaunchScreen.storyboard; sourceTree = "<group>"; };
		296531FA2286D90F00A11052 /* Info.plist */ = {isa = PBXFileReference; lastKnownFileType = text.plist.xml; path = Info.plist; sourceTree = "<group>"; };
		296532002287099500A11052 /* ScannerViewController.swift */ = {isa = PBXFileReference; lastKnownFileType = sourcecode.swift; path = ScannerViewController.swift; sourceTree = "<group>"; };
		2965320222871D8000A11052 /* AppCoordinator.swift */ = {isa = PBXFileReference; lastKnownFileType = sourcecode.swift; path = AppCoordinator.swift; sourceTree = "<group>"; };
		2965320422871D9F00A11052 /* Coordinator.swift */ = {isa = PBXFileReference; lastKnownFileType = sourcecode.swift; path = Coordinator.swift; sourceTree = "<group>"; };
		2965320822871F1500A11052 /* R.generated.swift */ = {isa = PBXFileReference; fileEncoding = 4; lastKnownFileType = sourcecode.swift; path = R.generated.swift; sourceTree = "<group>"; };
		2965320B228725B200A11052 /* Pass.swift */ = {isa = PBXFileReference; lastKnownFileType = sourcecode.swift; path = Pass.swift; sourceTree = "<group>"; };
		296532102287356A00A11052 /* PassKit.framework */ = {isa = PBXFileReference; lastKnownFileType = wrapper.framework; name = PassKit.framework; path = System/Library/Frameworks/PassKit.framework; sourceTree = SDKROOT; };
		296532122287356A00A11052 /* DLRG.sh.entitlements */ = {isa = PBXFileReference; lastKnownFileType = text.plist.entitlements; path = DLRG.sh.entitlements; sourceTree = "<group>"; };
		5B30089D393B0CC763FD7CC5 /* Pods-DLRG.sh.release.xcconfig */ = {isa = PBXFileReference; includeInIndex = 1; lastKnownFileType = text.xcconfig; name = "Pods-DLRG.sh.release.xcconfig"; path = "Target Support Files/Pods-DLRG.sh/Pods-DLRG.sh.release.xcconfig"; sourceTree = "<group>"; };
		F84A8BE4F9C27026A25FC211 /* Pods_DLRG_sh.framework */ = {isa = PBXFileReference; explicitFileType = wrapper.framework; includeInIndex = 0; path = Pods_DLRG_sh.framework; sourceTree = BUILT_PRODUCTS_DIR; };
/* End PBXFileReference section */

/* Begin PBXFrameworksBuildPhase section */
		296531E82286D90C00A11052 /* Frameworks */ = {
			isa = PBXFrameworksBuildPhase;
			buildActionMask = 2147483647;
			files = (
				296532112287356A00A11052 /* PassKit.framework in Frameworks */,
				821FA86EC7D7039C2BBAF2BC /* Pods_DLRG_sh.framework in Frameworks */,
			);
			runOnlyForDeploymentPostprocessing = 0;
		};
/* End PBXFrameworksBuildPhase section */

/* Begin PBXGroup section */
		296531E22286D90C00A11052 = {
			isa = PBXGroup;
			children = (
				2965320822871F1500A11052 /* R.generated.swift */,
				2965322022873EEC00A11052 /* Resources */,
				296531ED2286D90C00A11052 /* Sources */,
				296531EC2286D90C00A11052 /* Products */,
				A26D79605D335AB10103B5B7 /* Pods */,
				70CD9D9D5815126AABBEE9E2 /* Frameworks */,
			);
			sourceTree = "<group>";
		};
		296531EC2286D90C00A11052 /* Products */ = {
			isa = PBXGroup;
			children = (
				296531EB2286D90C00A11052 /* DLRG.sh.app */,
			);
			name = Products;
			sourceTree = "<group>";
		};
		296531ED2286D90C00A11052 /* Sources */ = {
			isa = PBXGroup;
			children = (
				2965320D2287265900A11052 /* Scenes */,
				296531EE2286D90C00A11052 /* AppDelegate.swift */,
			);
			path = Sources;
			sourceTree = "<group>";
		};
		2965320A228724F900A11052 /* PassScanner */ = {
			isa = PBXGroup;
			children = (
				296531F22286D90C00A11052 /* Main.storyboard */,
				2965320F228726A500A11052 /* Model */,
				2965320E2287266300A11052 /* ViewControllers */,
			);
			path = PassScanner;
			sourceTree = "<group>";
		};
		2965320D2287265900A11052 /* Scenes */ = {
			isa = PBXGroup;
			children = (
				296531F72286D90F00A11052 /* LaunchScreen.storyboard */,
				2965320422871D9F00A11052 /* Coordinator.swift */,
				2965320222871D8000A11052 /* AppCoordinator.swift */,
				2965320A228724F900A11052 /* PassScanner */,
			);
			path = Scenes;
			sourceTree = "<group>";
		};
		2965320E2287266300A11052 /* ViewControllers */ = {
			isa = PBXGroup;
			children = (
				296531F02286D90C00A11052 /* ViewController.swift */,
				296532002287099500A11052 /* ScannerViewController.swift */,
			);
			path = ViewControllers;
			sourceTree = "<group>";
		};
		2965320F228726A500A11052 /* Model */ = {
			isa = PBXGroup;
			children = (
				2965320B228725B200A11052 /* Pass.swift */,
			);
			path = Model;
			sourceTree = "<group>";
		};
		2965322022873EEC00A11052 /* Resources */ = {
			isa = PBXGroup;
			children = (
				296531F52286D90F00A11052 /* Assets.xcassets */,
				296531FA2286D90F00A11052 /* Info.plist */,
				296532122287356A00A11052 /* DLRG.sh.entitlements */,
			);
			path = Resources;
			sourceTree = "<group>";
		};
		70CD9D9D5815126AABBEE9E2 /* Frameworks */ = {
			isa = PBXGroup;
			children = (
				296532102287356A00A11052 /* PassKit.framework */,
				F84A8BE4F9C27026A25FC211 /* Pods_DLRG_sh.framework */,
			);
			name = Frameworks;
			sourceTree = "<group>";
		};
		A26D79605D335AB10103B5B7 /* Pods */ = {
			isa = PBXGroup;
			children = (
				160488376F4E59FC20A34171 /* Pods-DLRG.sh.debug.xcconfig */,
				5B30089D393B0CC763FD7CC5 /* Pods-DLRG.sh.release.xcconfig */,
			);
			path = Pods;
			sourceTree = "<group>";
		};
/* End PBXGroup section */

/* Begin PBXNativeTarget section */
		296531EA2286D90C00A11052 /* DLRG.sh */ = {
			isa = PBXNativeTarget;
			buildConfigurationList = 296531FD2286D90F00A11052 /* Build configuration list for PBXNativeTarget "DLRG.sh" */;
			buildPhases = (
				416338A2C7F56C1A39DDA54F /* [CP] Check Pods Manifest.lock */,
				2965320722871EA300A11052 /* Update R */,
				296531E72286D90C00A11052 /* Sources */,
				296531E82286D90C00A11052 /* Frameworks */,
				296531E92286D90C00A11052 /* Resources */,
				539C45A6F715E5A456B50C1F /* [CP] Embed Pods Frameworks */,
			);
			buildRules = (
			);
			dependencies = (
			);
			name = DLRG.sh;
			productName = DLRG.sh;
			productReference = 296531EB2286D90C00A11052 /* DLRG.sh.app */;
			productType = "com.apple.product-type.application";
		};
/* End PBXNativeTarget section */

/* Begin PBXProject section */
		296531E32286D90C00A11052 /* Project object */ = {
			isa = PBXProject;
			attributes = {
				LastSwiftUpdateCheck = 1020;
				LastUpgradeCheck = 1020;
				ORGANIZATIONNAME = "DLRG-Jugend Schleswig-Holstein";
				TargetAttributes = {
					296531EA2286D90C00A11052 = {
						CreatedOnToolsVersion = 10.2.1;
						SystemCapabilities = {
							com.apple.Wallet = {
								enabled = 1;
							};
						};
					};
				};
			};
			buildConfigurationList = 296531E62286D90C00A11052 /* Build configuration list for PBXProject "DLRG.sh" */;
			compatibilityVersion = "Xcode 9.3";
			developmentRegion = en;
			hasScannedForEncodings = 0;
			knownRegions = (
				en,
				Base,
			);
			mainGroup = 296531E22286D90C00A11052;
			productRefGroup = 296531EC2286D90C00A11052 /* Products */;
			projectDirPath = "";
			projectRoot = "";
			targets = (
				296531EA2286D90C00A11052 /* DLRG.sh */,
			);
		};
/* End PBXProject section */

/* Begin PBXResourcesBuildPhase section */
		296531E92286D90C00A11052 /* Resources */ = {
			isa = PBXResourcesBuildPhase;
			buildActionMask = 2147483647;
			files = (
				296531F92286D90F00A11052 /* LaunchScreen.storyboard in Resources */,
				296531F62286D90F00A11052 /* Assets.xcassets in Resources */,
				296531F42286D90C00A11052 /* Main.storyboard in Resources */,
			);
			runOnlyForDeploymentPostprocessing = 0;
		};
/* End PBXResourcesBuildPhase section */

/* Begin PBXShellScriptBuildPhase section */
		2965320722871EA300A11052 /* Update R */ = {
			isa = PBXShellScriptBuildPhase;
			buildActionMask = 2147483647;
			files = (
			);
			inputFileListPaths = (
			);
			inputPaths = (
				"$TEMP_DIR/rswift-lastrun",
			);
			name = "Update R";
			outputFileListPaths = (
			);
			outputPaths = (
				$SRCROOT/R.generated.swift,
			);
			runOnlyForDeploymentPostprocessing = 0;
			shellPath = /bin/sh;
			shellScript = "\"$PODS_ROOT/R.swift/rswift\" generate \"$SRCROOT/R.generated.swift\"\n";
		};
		416338A2C7F56C1A39DDA54F /* [CP] Check Pods Manifest.lock */ = {
			isa = PBXShellScriptBuildPhase;
			buildActionMask = 2147483647;
			files = (
			);
			inputFileListPaths = (
			);
			inputPaths = (
				"${PODS_PODFILE_DIR_PATH}/Podfile.lock",
				"${PODS_ROOT}/Manifest.lock",
			);
			name = "[CP] Check Pods Manifest.lock";
			outputFileListPaths = (
			);
			outputPaths = (
				"$(DERIVED_FILE_DIR)/Pods-DLRG.sh-checkManifestLockResult.txt",
			);
			runOnlyForDeploymentPostprocessing = 0;
			shellPath = /bin/sh;
			shellScript = "diff \"${PODS_PODFILE_DIR_PATH}/Podfile.lock\" \"${PODS_ROOT}/Manifest.lock\" > /dev/null\nif [ $? != 0 ] ; then\n    # print error to STDERR\n    echo \"error: The sandbox is not in sync with the Podfile.lock. Run 'pod install' or update your CocoaPods installation.\" >&2\n    exit 1\nfi\n# This output is used by Xcode 'outputs' to avoid re-running this script phase.\necho \"SUCCESS\" > \"${SCRIPT_OUTPUT_FILE_0}\"\n";
			showEnvVarsInLog = 0;
		};
		539C45A6F715E5A456B50C1F /* [CP] Embed Pods Frameworks */ = {
			isa = PBXShellScriptBuildPhase;
			buildActionMask = 2147483647;
			files = (
			);
			inputFileListPaths = (
			);
			inputPaths = (
				"${PODS_ROOT}/Target Support Files/Pods-DLRG.sh/Pods-DLRG.sh-frameworks.sh",
				"${BUILT_PRODUCTS_DIR}/R.swift.Library/Rswift.framework",
			);
			name = "[CP] Embed Pods Frameworks";
			outputFileListPaths = (
			);
			outputPaths = (
				"${TARGET_BUILD_DIR}/${FRAMEWORKS_FOLDER_PATH}/Rswift.framework",
			);
			runOnlyForDeploymentPostprocessing = 0;
			shellPath = /bin/sh;
			shellScript = "\"${PODS_ROOT}/Target Support Files/Pods-DLRG.sh/Pods-DLRG.sh-frameworks.sh\"\n";
			showEnvVarsInLog = 0;
		};
/* End PBXShellScriptBuildPhase section */

/* Begin PBXSourcesBuildPhase section */
		296531E72286D90C00A11052 /* Sources */ = {
			isa = PBXSourcesBuildPhase;
			buildActionMask = 2147483647;
			files = (
				2965320322871D8000A11052 /* AppCoordinator.swift in Sources */,
				296531F12286D90C00A11052 /* ViewController.swift in Sources */,
				2965320522871D9F00A11052 /* Coordinator.swift in Sources */,
				296532012287099500A11052 /* ScannerViewController.swift in Sources */,
				2965320C228725B200A11052 /* Pass.swift in Sources */,
				296531EF2286D90C00A11052 /* AppDelegate.swift in Sources */,
				2965320922871F1500A11052 /* R.generated.swift in Sources */,
			);
			runOnlyForDeploymentPostprocessing = 0;
		};
/* End PBXSourcesBuildPhase section */

/* Begin PBXVariantGroup section */
		296531F22286D90C00A11052 /* Main.storyboard */ = {
			isa = PBXVariantGroup;
			children = (
				296531F32286D90C00A11052 /* Base */,
			);
			name = Main.storyboard;
			sourceTree = "<group>";
		};
		296531F72286D90F00A11052 /* LaunchScreen.storyboard */ = {
			isa = PBXVariantGroup;
			children = (
				296531F82286D90F00A11052 /* Base */,
			);
			name = LaunchScreen.storyboard;
			sourceTree = "<group>";
		};
/* End PBXVariantGroup section */

/* Begin XCBuildConfiguration section */
		296531FB2286D90F00A11052 /* Debug */ = {
			isa = XCBuildConfiguration;
			buildSettings = {
				ALWAYS_SEARCH_USER_PATHS = NO;
				CLANG_ANALYZER_NONNULL = YES;
				CLANG_ANALYZER_NUMBER_OBJECT_CONVERSION = YES_AGGRESSIVE;
				CLANG_CXX_LANGUAGE_STANDARD = "gnu++14";
				CLANG_CXX_LIBRARY = "libc++";
				CLANG_ENABLE_MODULES = YES;
				CLANG_ENABLE_OBJC_ARC = YES;
				CLANG_ENABLE_OBJC_WEAK = YES;
				CLANG_WARN_BLOCK_CAPTURE_AUTORELEASING = YES;
				CLANG_WARN_BOOL_CONVERSION = YES;
				CLANG_WARN_COMMA = YES;
				CLANG_WARN_CONSTANT_CONVERSION = YES;
				CLANG_WARN_DEPRECATED_OBJC_IMPLEMENTATIONS = YES;
				CLANG_WARN_DIRECT_OBJC_ISA_USAGE = YES_ERROR;
				CLANG_WARN_DOCUMENTATION_COMMENTS = YES;
				CLANG_WARN_EMPTY_BODY = YES;
				CLANG_WARN_ENUM_CONVERSION = YES;
				CLANG_WARN_INFINITE_RECURSION = YES;
				CLANG_WARN_INT_CONVERSION = YES;
				CLANG_WARN_NON_LITERAL_NULL_CONVERSION = YES;
				CLANG_WARN_OBJC_IMPLICIT_RETAIN_SELF = YES;
				CLANG_WARN_OBJC_LITERAL_CONVERSION = YES;
				CLANG_WARN_OBJC_ROOT_CLASS = YES_ERROR;
				CLANG_WARN_RANGE_LOOP_ANALYSIS = YES;
				CLANG_WARN_STRICT_PROTOTYPES = YES;
				CLANG_WARN_SUSPICIOUS_MOVE = YES;
				CLANG_WARN_UNGUARDED_AVAILABILITY = YES_AGGRESSIVE;
				CLANG_WARN_UNREACHABLE_CODE = YES;
				CLANG_WARN__DUPLICATE_METHOD_MATCH = YES;
				CODE_SIGN_IDENTITY = "iPhone Developer";
				COPY_PHASE_STRIP = NO;
				DEBUG_INFORMATION_FORMAT = dwarf;
				ENABLE_STRICT_OBJC_MSGSEND = YES;
				ENABLE_TESTABILITY = YES;
				GCC_C_LANGUAGE_STANDARD = gnu11;
				GCC_DYNAMIC_NO_PIC = NO;
				GCC_NO_COMMON_BLOCKS = YES;
				GCC_OPTIMIZATION_LEVEL = 0;
				GCC_PREPROCESSOR_DEFINITIONS = (
					"DEBUG=1",
					"$(inherited)",
				);
				GCC_WARN_64_TO_32_BIT_CONVERSION = YES;
				GCC_WARN_ABOUT_RETURN_TYPE = YES_ERROR;
				GCC_WARN_UNDECLARED_SELECTOR = YES;
				GCC_WARN_UNINITIALIZED_AUTOS = YES_AGGRESSIVE;
				GCC_WARN_UNUSED_FUNCTION = YES;
				GCC_WARN_UNUSED_VARIABLE = YES;
				IPHONEOS_DEPLOYMENT_TARGET = 12.2;
				MTL_ENABLE_DEBUG_INFO = INCLUDE_SOURCE;
				MTL_FAST_MATH = YES;
				ONLY_ACTIVE_ARCH = YES;
				SDKROOT = iphoneos;
				SWIFT_ACTIVE_COMPILATION_CONDITIONS = DEBUG;
				SWIFT_OPTIMIZATION_LEVEL = "-Onone";
			};
			name = Debug;
		};
		296531FC2286D90F00A11052 /* Release */ = {
			isa = XCBuildConfiguration;
			buildSettings = {
				ALWAYS_SEARCH_USER_PATHS = NO;
				CLANG_ANALYZER_NONNULL = YES;
				CLANG_ANALYZER_NUMBER_OBJECT_CONVERSION = YES_AGGRESSIVE;
				CLANG_CXX_LANGUAGE_STANDARD = "gnu++14";
				CLANG_CXX_LIBRARY = "libc++";
				CLANG_ENABLE_MODULES = YES;
				CLANG_ENABLE_OBJC_ARC = YES;
				CLANG_ENABLE_OBJC_WEAK = YES;
				CLANG_WARN_BLOCK_CAPTURE_AUTORELEASING = YES;
				CLANG_WARN_BOOL_CONVERSION = YES;
				CLANG_WARN_COMMA = YES;
				CLANG_WARN_CONSTANT_CONVERSION = YES;
				CLANG_WARN_DEPRECATED_OBJC_IMPLEMENTATIONS = YES;
				CLANG_WARN_DIRECT_OBJC_ISA_USAGE = YES_ERROR;
				CLANG_WARN_DOCUMENTATION_COMMENTS = YES;
				CLANG_WARN_EMPTY_BODY = YES;
				CLANG_WARN_ENUM_CONVERSION = YES;
				CLANG_WARN_INFINITE_RECURSION = YES;
				CLANG_WARN_INT_CONVERSION = YES;
				CLANG_WARN_NON_LITERAL_NULL_CONVERSION = YES;
				CLANG_WARN_OBJC_IMPLICIT_RETAIN_SELF = YES;
				CLANG_WARN_OBJC_LITERAL_CONVERSION = YES;
				CLANG_WARN_OBJC_ROOT_CLASS = YES_ERROR;
				CLANG_WARN_RANGE_LOOP_ANALYSIS = YES;
				CLANG_WARN_STRICT_PROTOTYPES = YES;
				CLANG_WARN_SUSPICIOUS_MOVE = YES;
				CLANG_WARN_UNGUARDED_AVAILABILITY = YES_AGGRESSIVE;
				CLANG_WARN_UNREACHABLE_CODE = YES;
				CLANG_WARN__DUPLICATE_METHOD_MATCH = YES;
				CODE_SIGN_IDENTITY = "iPhone Developer";
				COPY_PHASE_STRIP = NO;
				DEBUG_INFORMATION_FORMAT = "dwarf-with-dsym";
				ENABLE_NS_ASSERTIONS = NO;
				ENABLE_STRICT_OBJC_MSGSEND = YES;
				GCC_C_LANGUAGE_STANDARD = gnu11;
				GCC_NO_COMMON_BLOCKS = YES;
				GCC_WARN_64_TO_32_BIT_CONVERSION = YES;
				GCC_WARN_ABOUT_RETURN_TYPE = YES_ERROR;
				GCC_WARN_UNDECLARED_SELECTOR = YES;
				GCC_WARN_UNINITIALIZED_AUTOS = YES_AGGRESSIVE;
				GCC_WARN_UNUSED_FUNCTION = YES;
				GCC_WARN_UNUSED_VARIABLE = YES;
				IPHONEOS_DEPLOYMENT_TARGET = 12.2;
				MTL_ENABLE_DEBUG_INFO = NO;
				MTL_FAST_MATH = YES;
				SDKROOT = iphoneos;
				SWIFT_COMPILATION_MODE = wholemodule;
				SWIFT_OPTIMIZATION_LEVEL = "-O";
				VALIDATE_PRODUCT = YES;
			};
			name = Release;
		};
		296531FE2286D90F00A11052 /* Debug */ = {
			isa = XCBuildConfiguration;
			baseConfigurationReference = 160488376F4E59FC20A34171 /* Pods-DLRG.sh.debug.xcconfig */;
			buildSettings = {
				ASSETCATALOG_COMPILER_APPICON_NAME = AppIcon;
				CODE_SIGN_ENTITLEMENTS = Resources/DLRG.sh.entitlements;
				CODE_SIGN_STYLE = Automatic;
				DEVELOPMENT_TEAM = SQH36C5KAU;
				INFOPLIST_FILE = "$(SRCROOT)/Resources/Info.plist";
				LD_RUNPATH_SEARCH_PATHS = (
					"$(inherited)",
					"@executable_path/Frameworks",
				);
				PRODUCT_BUNDLE_IDENTIFIER = "de.codeanker.DLRG-sh";
				PRODUCT_NAME = "$(TARGET_NAME)";
				SWIFT_VERSION = 5.0;
				TARGETED_DEVICE_FAMILY = "1,2";
			};
			name = Debug;
		};
		296531FF2286D90F00A11052 /* Release */ = {
			isa = XCBuildConfiguration;
			baseConfigurationReference = 5B30089D393B0CC763FD7CC5 /* Pods-DLRG.sh.release.xcconfig */;
			buildSettings = {
				ASSETCATALOG_COMPILER_APPICON_NAME = AppIcon;
				CODE_SIGN_ENTITLEMENTS = Resources/DLRG.sh.entitlements;
				CODE_SIGN_STYLE = Automatic;
				DEVELOPMENT_TEAM = SQH36C5KAU;
				INFOPLIST_FILE = "$(SRCROOT)/Resources/Info.plist";
				LD_RUNPATH_SEARCH_PATHS = (
					"$(inherited)",
					"@executable_path/Frameworks",
				);
				PRODUCT_BUNDLE_IDENTIFIER = "de.codeanker.DLRG-sh";
				PRODUCT_NAME = "$(TARGET_NAME)";
				SWIFT_VERSION = 5.0;
				TARGETED_DEVICE_FAMILY = "1,2";
			};
			name = Release;
		};
/* End XCBuildConfiguration section */

/* Begin XCConfigurationList section */
		296531E62286D90C00A11052 /* Build configuration list for PBXProject "DLRG.sh" */ = {
			isa = XCConfigurationList;
			buildConfigurations = (
				296531FB2286D90F00A11052 /* Debug */,
				296531FC2286D90F00A11052 /* Release */,
			);
			defaultConfigurationIsVisible = 0;
			defaultConfigurationName = Release;
		};
		296531FD2286D90F00A11052 /* Build configuration list for PBXNativeTarget "DLRG.sh" */ = {
			isa = XCConfigurationList;
			buildConfigurations = (
				296531FE2286D90F00A11052 /* Debug */,
				296531FF2286D90F00A11052 /* Release */,
			);
			defaultConfigurationIsVisible = 0;
			defaultConfigurationName = Release;
		};
/* End XCConfigurationList section */
	};
	rootObject = 296531E32286D90C00A11052 /* Project object */;
}
